
Microsoft Visual Studio Solution File, Format Version 12.00
# Visual Studio Version 17
VisualStudioVersion = 17.3.32929.385
MinimumVisualStudioVersion = 10.0.40219.1
Project("{FAE04EC0-301F-11D3-BF4B-00C04F79EFBC}") = "AssetLibraryBuilder", "AssetLibraryBuilder.csproj", "{DCD27437-D3C9-46FA-AC03-5E360AEE9EAF}"
EndProject
Global
	GlobalSection(SolutionConfigurationPlatforms) = preSolution
		Debug|Any CPU = Debug|Any CPU
		Release|Any CPU = Release|Any CPU
	EndGlobalSection
	GlobalSection(ProjectConfigurationPlatforms) = postSolution
		{DCD27437-D3C9-46FA-AC03-5E360AEE9EAF}.Debug|Any CPU.ActiveCfg = Debug|Any CPU
		{DCD27437-D3C9-46FA-AC03-5E360AEE9EAF}.Debug|Any CPU.Build.0 = Debug|Any CPU
		{DCD27437-D3C9-46FA-AC03-5E360AEE9EAF}.Release|Any CPU.ActiveCfg = Release|Any CPU
		{DCD27437-D3C9-46FA-AC03-5E360AEE9EAF}.Release|Any CPU.Build.0 = Release|Any CPU
	EndGlobalSection
	GlobalSection(SolutionProperties) = preSolution
		HideSolutionNode = FALSE
	EndGlobalSection
	GlobalSection(ExtensibilityGlobals) = postSolution
		SolutionGuid = {FC56AF81-D42E-4D44-8893-8283E57526B5}
	EndGlobalSection
EndGlobal
