
Microsoft Visual Studio Solution File, Format Version 12.00
# Visual Studio Version 17
VisualStudioVersion = 17.3.32819.101
MinimumVisualStudioVersion = 10.0.40219.1
Project("{9A19103F-16F7-4668-BE54-9A1E7A4F7556}") = "Opgave", "Opgave\Opgave.csproj", "{CD6BFBB5-487A-412E-A12D-D57C4C589616}"
EndProject
Project("{9A19103F-16F7-4668-BE54-9A1E7A4F7556}") = "CosmosFramework", "..\..\Cosmos\CosmosFramework\CosmosFramework.csproj", "{218C4A5C-79EB-4B46-BD69-71BD299D417E}"
EndProject
Global
	GlobalSection(SolutionConfigurationPlatforms) = preSolution
		Debug|Any CPU = Debug|Any CPU
		Debug|x64 = Debug|x64
		Editor|Any CPU = Editor|Any CPU
		Editor|x64 = Editor|x64
		Release|Any CPU = Release|Any CPU
		Release|x64 = Release|x64
	EndGlobalSection
	GlobalSection(ProjectConfigurationPlatforms) = postSolution
		{CD6BFBB5-487A-412E-A12D-D57C4C589616}.Debug|Any CPU.ActiveCfg = Debug|Any CPU
		{CD6BFBB5-487A-412E-A12D-D57C4C589616}.Debug|Any CPU.Build.0 = Debug|Any CPU
		{CD6BFBB5-487A-412E-A12D-D57C4C589616}.Debug|x64.ActiveCfg = Debug|Any CPU
		{CD6BFBB5-487A-412E-A12D-D57C4C589616}.Debug|x64.Build.0 = Debug|Any CPU
		{CD6BFBB5-487A-412E-A12D-D57C4C589616}.Editor|Any CPU.ActiveCfg = Editor|Any CPU
		{CD6BFBB5-487A-412E-A12D-D57C4C589616}.Editor|Any CPU.Build.0 = Editor|Any CPU
		{CD6BFBB5-487A-412E-A12D-D57C4C589616}.Editor|x64.ActiveCfg = Debug|Any CPU
		{CD6BFBB5-487A-412E-A12D-D57C4C589616}.Editor|x64.Build.0 = Debug|Any CPU
		{CD6BFBB5-487A-412E-A12D-D57C4C589616}.Release|Any CPU.ActiveCfg = Release|Any CPU
		{CD6BFBB5-487A-412E-A12D-D57C4C589616}.Release|Any CPU.Build.0 = Release|Any CPU
		{CD6BFBB5-487A-412E-A12D-D57C4C589616}.Release|x64.ActiveCfg = Release|Any CPU
		{CD6BFBB5-487A-412E-A12D-D57C4C589616}.Release|x64.Build.0 = Release|Any CPU
		{218C4A5C-79EB-4B46-BD69-71BD299D417E}.Debug|Any CPU.ActiveCfg = Debug|Any CPU
		{218C4A5C-79EB-4B46-BD69-71BD299D417E}.Debug|Any CPU.Build.0 = Debug|Any CPU
		{218C4A5C-79EB-4B46-BD69-71BD299D417E}.Debug|x64.ActiveCfg = Debug|Any CPU
		{218C4A5C-79EB-4B46-BD69-71BD299D417E}.Debug|x64.Build.0 = Debug|Any CPU
		{218C4A5C-79EB-4B46-BD69-71BD299D417E}.Editor|Any CPU.ActiveCfg = Editor|Any CPU
		{218C4A5C-79EB-4B46-BD69-71BD299D417E}.Editor|Any CPU.Build.0 = Editor|Any CPU
		{218C4A5C-79EB-4B46-BD69-71BD299D417E}.Editor|x64.ActiveCfg = Release|Any CPU
		{218C4A5C-79EB-4B46-BD69-71BD299D417E}.Release|Any CPU.ActiveCfg = Release|Any CPU
		{218C4A5C-79EB-4B46-BD69-71BD299D417E}.Release|Any CPU.Build.0 = Release|Any CPU
		{218C4A5C-79EB-4B46-BD69-71BD299D417E}.Release|x64.ActiveCfg = Release|Any CPU
		{218C4A5C-79EB-4B46-BD69-71BD299D417E}.Release|x64.Build.0 = Release|Any CPU
	EndGlobalSection
	GlobalSection(SolutionProperties) = preSolution
		HideSolutionNode = FALSE
	EndGlobalSection
	GlobalSection(ExtensibilityGlobals) = postSolution
		SolutionGuid = {5A11C414-98ED-44D8-A8E7-88FF5B633017}
	EndGlobalSection
EndGlobal
