
Microsoft Visual Studio Solution File, Format Version 12.00
# Visual Studio Version 17
VisualStudioVersion = 17.3.32819.101
MinimumVisualStudioVersion = 10.0.40219.1
Project("{FAE04EC0-301F-11D3-BF4B-00C04F79EFBC}") = "Example", "Example\Example.csproj", "{489426C3-1C4E-4594-82CE-D4D3CEAE0BA6}"
EndProject
Global
	GlobalSection(SolutionConfigurationPlatforms) = preSolution
		Debug|Any CPU = Debug|Any CPU
		Release|Any CPU = Release|Any CPU
	EndGlobalSection
	GlobalSection(ProjectConfigurationPlatforms) = postSolution
		{489426C3-1C4E-4594-82CE-D4D3CEAE0BA6}.Debug|Any CPU.ActiveCfg = Debug|Any CPU
		{489426C3-1C4E-4594-82CE-D4D3CEAE0BA6}.Debug|Any CPU.Build.0 = Debug|Any CPU
		{489426C3-1C4E-4594-82CE-D4D3CEAE0BA6}.Release|Any CPU.ActiveCfg = Release|Any CPU
		{489426C3-1C4E-4594-82CE-D4D3CEAE0BA6}.Release|Any CPU.Build.0 = Release|Any CPU
	EndGlobalSection
	GlobalSection(SolutionProperties) = preSolution
		HideSolutionNode = FALSE
	EndGlobalSection
	GlobalSection(ExtensibilityGlobals) = postSolution
		SolutionGuid = {4D2FD18D-4875-4B14-BD3D-5977E6B9695C}
	EndGlobalSection
EndGlobal
