
Microsoft Visual Studio Solution File, Format Version 12.00
# Visual Studio Version 17
VisualStudioVersion = 17.1.32210.238
MinimumVisualStudioVersion = 10.0.40219.1
Project("{9A19103F-16F7-4668-BE54-9A1E7A4F7556}") = "SpaceShooter.WindowsDX", "SpaceShooter.WindowsDX\SpaceShooter.WindowsDX.csproj", "{C182252D-1B04-4A4D-84B5-5E9CFDBE761A}"
EndProject
Project("{9A19103F-16F7-4668-BE54-9A1E7A4F7556}") = "SpaceShooter.Core", "SpaceShooter.Core\SpaceShooter.Core.csproj", "{C3B4B4C8-50FD-4566-91E0-DE6160DC9169}"
EndProject
Project("{9A19103F-16F7-4668-BE54-9A1E7A4F7556}") = "CosmosEngine", "..\..\CosmosEngine\CosmosEngine\CosmosEngine.csproj", "{06D0652C-55A9-4810-8A62-538288531F26}"
EndProject
Global
	GlobalSection(SolutionConfigurationPlatforms) = preSolution
		Debug|Any CPU = Debug|Any CPU
		Debug|x64 = Debug|x64
		Editor|Any CPU = Editor|Any CPU
		Editor|x64 = Editor|x64
		Release|Any CPU = Release|Any CPU
		Release|x64 = Release|x64
	EndGlobalSection
	GlobalSection(ProjectConfigurationPlatforms) = postSolution
		{C182252D-1B04-4A4D-84B5-5E9CFDBE761A}.Debug|Any CPU.ActiveCfg = Debug|Any CPU
		{C182252D-1B04-4A4D-84B5-5E9CFDBE761A}.Debug|Any CPU.Build.0 = Debug|Any CPU
		{C182252D-1B04-4A4D-84B5-5E9CFDBE761A}.Debug|x64.ActiveCfg = Debug|x64
		{C182252D-1B04-4A4D-84B5-5E9CFDBE761A}.Debug|x64.Build.0 = Debug|x64
		{C182252D-1B04-4A4D-84B5-5E9CFDBE761A}.Editor|Any CPU.ActiveCfg = Editor|Any CPU
		{C182252D-1B04-4A4D-84B5-5E9CFDBE761A}.Editor|Any CPU.Build.0 = Editor|Any CPU
		{C182252D-1B04-4A4D-84B5-5E9CFDBE761A}.Editor|x64.ActiveCfg = Editor|x64
		{C182252D-1B04-4A4D-84B5-5E9CFDBE761A}.Editor|x64.Build.0 = Editor|x64
		{C182252D-1B04-4A4D-84B5-5E9CFDBE761A}.Release|Any CPU.ActiveCfg = Release|Any CPU
		{C182252D-1B04-4A4D-84B5-5E9CFDBE761A}.Release|Any CPU.Build.0 = Release|Any CPU
		{C182252D-1B04-4A4D-84B5-5E9CFDBE761A}.Release|x64.ActiveCfg = Release|x64
		{C182252D-1B04-4A4D-84B5-5E9CFDBE761A}.Release|x64.Build.0 = Release|x64
		{C3B4B4C8-50FD-4566-91E0-DE6160DC9169}.Debug|Any CPU.ActiveCfg = Debug|Any CPU
		{C3B4B4C8-50FD-4566-91E0-DE6160DC9169}.Debug|Any CPU.Build.0 = Debug|Any CPU
		{C3B4B4C8-50FD-4566-91E0-DE6160DC9169}.Debug|x64.ActiveCfg = Debug|x64
		{C3B4B4C8-50FD-4566-91E0-DE6160DC9169}.Debug|x64.Build.0 = Debug|x64
		{C3B4B4C8-50FD-4566-91E0-DE6160DC9169}.Editor|Any CPU.ActiveCfg = Editor|Any CPU
		{C3B4B4C8-50FD-4566-91E0-DE6160DC9169}.Editor|Any CPU.Build.0 = Editor|Any CPU
		{C3B4B4C8-50FD-4566-91E0-DE6160DC9169}.Editor|x64.ActiveCfg = Editor|x64
		{C3B4B4C8-50FD-4566-91E0-DE6160DC9169}.Editor|x64.Build.0 = Editor|x64
		{C3B4B4C8-50FD-4566-91E0-DE6160DC9169}.Release|Any CPU.ActiveCfg = Release|Any CPU
		{C3B4B4C8-50FD-4566-91E0-DE6160DC9169}.Release|Any CPU.Build.0 = Release|Any CPU
		{C3B4B4C8-50FD-4566-91E0-DE6160DC9169}.Release|x64.ActiveCfg = Release|x64
		{C3B4B4C8-50FD-4566-91E0-DE6160DC9169}.Release|x64.Build.0 = Release|x64
		{06D0652C-55A9-4810-8A62-538288531F26}.Debug|Any CPU.ActiveCfg = Debug|Any CPU
		{06D0652C-55A9-4810-8A62-538288531F26}.Debug|Any CPU.Build.0 = Debug|Any CPU
		{06D0652C-55A9-4810-8A62-538288531F26}.Debug|x64.ActiveCfg = Debug|x64
		{06D0652C-55A9-4810-8A62-538288531F26}.Debug|x64.Build.0 = Debug|x64
		{06D0652C-55A9-4810-8A62-538288531F26}.Editor|Any CPU.ActiveCfg = Editor|Any CPU
		{06D0652C-55A9-4810-8A62-538288531F26}.Editor|Any CPU.Build.0 = Editor|Any CPU
		{06D0652C-55A9-4810-8A62-538288531F26}.Editor|x64.ActiveCfg = Editor|x64
		{06D0652C-55A9-4810-8A62-538288531F26}.Editor|x64.Build.0 = Editor|x64
		{06D0652C-55A9-4810-8A62-538288531F26}.Release|Any CPU.ActiveCfg = Release|Any CPU
		{06D0652C-55A9-4810-8A62-538288531F26}.Release|Any CPU.Build.0 = Release|Any CPU
		{06D0652C-55A9-4810-8A62-538288531F26}.Release|x64.ActiveCfg = Release|x64
		{06D0652C-55A9-4810-8A62-538288531F26}.Release|x64.Build.0 = Release|x64
	EndGlobalSection
	GlobalSection(SolutionProperties) = preSolution
		HideSolutionNode = FALSE
	EndGlobalSection
	GlobalSection(ExtensibilityGlobals) = postSolution
		SolutionGuid = {542E4E77-D2A1-4DBC-BED8-7D84472FE708}
	EndGlobalSection
EndGlobal
