
Microsoft Visual Studio Solution File, Format Version 12.00
# Visual Studio Version 17
VisualStudioVersion = 17.4.33103.184
MinimumVisualStudioVersion = 10.0.40219.1
Project("{FAE04EC0-301F-11D3-BF4B-00C04F79EFBC}") = "IsometicProject", "IsometicProject\IsometicProject.csproj", "{98D5B34F-B9A0-410B-95C9-D3E05AD14447}"
EndProject
Project("{9A19103F-16F7-4668-BE54-9A1E7A4F7556}") = "CosmosFramework", "..\..\Cosmos\CosmosFramework\CosmosFramework.csproj", "{4A8D1540-1FE3-45CB-97EE-DB647BCFFC91}"
EndProject
Global
	GlobalSection(SolutionConfigurationPlatforms) = preSolution
		Debug|Any CPU = Debug|Any CPU
		Editor|Any CPU = Editor|Any CPU
		Release|Any CPU = Release|Any CPU
	EndGlobalSection
	GlobalSection(ProjectConfigurationPlatforms) = postSolution
		{98D5B34F-B9A0-410B-95C9-D3E05AD14447}.Debug|Any CPU.ActiveCfg = Debug|Any CPU
		{98D5B34F-B9A0-410B-95C9-D3E05AD14447}.Debug|Any CPU.Build.0 = Debug|Any CPU
		{98D5B34F-B9A0-410B-95C9-D3E05AD14447}.Editor|Any CPU.ActiveCfg = Editor|Any CPU
		{98D5B34F-B9A0-410B-95C9-D3E05AD14447}.Editor|Any CPU.Build.0 = Editor|Any CPU
		{98D5B34F-B9A0-410B-95C9-D3E05AD14447}.Release|Any CPU.ActiveCfg = Release|Any CPU
		{98D5B34F-B9A0-410B-95C9-D3E05AD14447}.Release|Any CPU.Build.0 = Release|Any CPU
		{4A8D1540-1FE3-45CB-97EE-DB647BCFFC91}.Debug|Any CPU.ActiveCfg = Debug|Any CPU
		{4A8D1540-1FE3-45CB-97EE-DB647BCFFC91}.Debug|Any CPU.Build.0 = Debug|Any CPU
		{4A8D1540-1FE3-45CB-97EE-DB647BCFFC91}.Editor|Any CPU.ActiveCfg = Editor|Any CPU
		{4A8D1540-1FE3-45CB-97EE-DB647BCFFC91}.Editor|Any CPU.Build.0 = Editor|Any CPU
		{4A8D1540-1FE3-45CB-97EE-DB647BCFFC91}.Release|Any CPU.ActiveCfg = Release|Any CPU
		{4A8D1540-1FE3-45CB-97EE-DB647BCFFC91}.Release|Any CPU.Build.0 = Release|Any CPU
	EndGlobalSection
	GlobalSection(SolutionProperties) = preSolution
		HideSolutionNode = FALSE
	EndGlobalSection
	GlobalSection(ExtensibilityGlobals) = postSolution
		SolutionGuid = {A836313C-7848-44A8-AC0D-00CCA1B91B2A}
	EndGlobalSection
EndGlobal
